<Solution>
  <Project Path="02-estoquePapelaria/02-estoquePapelaria.csproj" />
  <Project Path="03-pedidoDeCompra/03-pedidoDeCompra.csproj" />
  <Project Path="04-agendamentoMedico/04-agendamentoMedico.csproj" />
  <Project Path="AplicacaoDeConhecimento/AplicacaoDeConhecimento.csproj" />
</Solution>
